{
    "name": "chibas-godlike-theme",
    "version": "0.0.0",
    "lockfileVersion": 2,
    "requires": true,
    "packages": {
        "": {
            "name": "chibas-godlike-theme",
            "version": "0.0.0",
            "engines": {
                "vscode": "^1.37.0"
            }
        }
    }
}
